
Microsoft Visual Studio Solution File, Format Version 12.00
# Visual Studio Version 17
VisualStudioVersion = 17.5.002.0
MinimumVisualStudioVersion = 10.0.40219.1
Project("{9A19103F-16F7-4668-BE54-9A1E7A4F7556}") = "comment-gather", "comment-gather.csproj", "{CBF9B2FD-C938-4563-8C43-40E4A12B4550}"
EndProject
Global
	GlobalSection(SolutionConfigurationPlatforms) = preSolution
		Debug|Any CPU = Debug|Any CPU
		Release|Any CPU = Release|Any CPU
	EndGlobalSection
	GlobalSection(ProjectConfigurationPlatforms) = postSolution
		{CBF9B2FD-C938-4563-8C43-40E4A12B4550}.Debug|Any CPU.ActiveCfg = Debug|Any CPU
		{CBF9B2FD-C938-4563-8C43-40E4A12B4550}.Debug|Any CPU.Build.0 = Debug|Any CPU
		{CBF9B2FD-C938-4563-8C43-40E4A12B4550}.Release|Any CPU.ActiveCfg = Release|Any CPU
		{CBF9B2FD-C938-4563-8C43-40E4A12B4550}.Release|Any CPU.Build.0 = Release|Any CPU
	EndGlobalSection
	GlobalSection(SolutionProperties) = preSolution
		HideSolutionNode = FALSE
	EndGlobalSection
	GlobalSection(ExtensibilityGlobals) = postSolution
		SolutionGuid = {A6D00055-E28F-48EB-9703-90602018678D}
	EndGlobalSection
EndGlobal
